// !$*UTF8*$!
{
	archiveVersion = 1;
	classes = {
	};
	objectVersion = 56;
	objects = {

/* Begin PBXBuildFile section */
		A1B2C3D4E5F6012345675001 /* AppDelegate.swift in Sources */ = {isa = PBXBuildFile; fileRef = A1B2C3D4E5F6012345671001 /* AppDelegate.swift */; };
		A1B2C3D4E5F6012345675002 /* DexCraftApp.swift in Sources */ = {isa = PBXBuildFile; fileRef = A1B2C3D4E5F6012345671002 /* DexCraftApp.swift */; };
		A1B2C3D4E5F6012345675003 /* EnhancementOptions.swift in Sources */ = {isa = PBXBuildFile; fileRef = A1B2C3D4E5F6012345671010 /* EnhancementOptions.swift */; };
		A1B2C3D4E5F6012345675004 /* PromptHistoryEntry.swift in Sources */ = {isa = PBXBuildFile; fileRef = A1B2C3D4E5F6012345671011 /* PromptHistoryEntry.swift */; };
		A1B2C3D4E5F6012345675005 /* PromptTarget.swift in Sources */ = {isa = PBXBuildFile; fileRef = A1B2C3D4E5F6012345671012 /* PromptTarget.swift */; };
		A1B2C3D4E5F6012345675006 /* PromptTemplate.swift in Sources */ = {isa = PBXBuildFile; fileRef = A1B2C3D4E5F6012345671013 /* PromptTemplate.swift */; };
		A1B2C3D4E5F6012345675007 /* QualityCheck.swift in Sources */ = {isa = PBXBuildFile; fileRef = A1B2C3D4E5F6012345671014 /* QualityCheck.swift */; };
		A1B2C3D4E5F6012345675008 /* WorkbenchTab.swift in Sources */ = {isa = PBXBuildFile; fileRef = A1B2C3D4E5F6012345671015 /* WorkbenchTab.swift */; };
		A1B2C3D4E5F6012345675010 /* PromptOptimization.swift in Sources */ = {isa = PBXBuildFile; fileRef = A1B2C3D4E5F6012345671016 /* PromptOptimization.swift */; };
		A1B2C3D4E5F6012345675009 /* StorageManager.swift in Sources */ = {isa = PBXBuildFile; fileRef = A1B2C3D4E5F6012345671020 /* StorageManager.swift */; };
		A1B2C3D4E5F6012345675011 /* OfflinePromptOptimizer.swift in Sources */ = {isa = PBXBuildFile; fileRef = A1B2C3D4E5F6012345671021 /* OfflinePromptOptimizer.swift */; };
		A1B2C3D4E5F6012345675016 /* PromptLibraryModels.swift in Sources */ = {isa = PBXBuildFile; fileRef = A1B2C3D4E5F6012345671017 /* PromptLibraryModels.swift */; };
		A1B2C3D4E5F6012345675039 /* PromptProfile.swift in Sources */ = {isa = PBXBuildFile; fileRef = A1B2C3D4E5F6012345671018 /* PromptProfile.swift */; };
		A1B2C3D4E5F6012345675017 /* PromptLibraryRepository.swift in Sources */ = {isa = PBXBuildFile; fileRef = A1B2C3D4E5F6012345671022 /* PromptLibraryRepository.swift */; };
		A1B2C3D4E5F601234567500A /* PromptEngineViewModel.swift in Sources */ = {isa = PBXBuildFile; fileRef = A1B2C3D4E5F6012345671030 /* PromptEngineViewModel.swift */; };
		A1B2C3D4E5F601234567500B /* PrimaryPanelView.swift in Sources */ = {isa = PBXBuildFile; fileRef = A1B2C3D4E5F6012345671040 /* PrimaryPanelView.swift */; };
		A1B2C3D4E5F601234567500C /* ResultPanelView.swift in Sources */ = {isa = PBXBuildFile; fileRef = A1B2C3D4E5F6012345671041 /* ResultPanelView.swift */; };
		A1B2C3D4E5F601234567500D /* RootPopoverView.swift in Sources */ = {isa = PBXBuildFile; fileRef = A1B2C3D4E5F6012345671042 /* RootPopoverView.swift */; };
		A1B2C3D4E5F601234567500E /* TransparentTextEditor.swift in Sources */ = {isa = PBXBuildFile; fileRef = A1B2C3D4E5F6012345671043 /* TransparentTextEditor.swift */; };
		A1B2C3D4E5F601234567500F /* Assets.xcassets in Resources */ = {isa = PBXBuildFile; fileRef = A1B2C3D4E5F6012345671050 /* Assets.xcassets */; };
		A1B2C3D4E5F6012345675012 /* OfflinePromptOptimizerTests.swift in Sources */ = {isa = PBXBuildFile; fileRef = A1B2C3D4E5F6012345671060 /* OfflinePromptOptimizerTests.swift */; };
		A1B2C3D4E5F6012345675018 /* PromptLibraryRepositoryTests.swift in Sources */ = {isa = PBXBuildFile; fileRef = A1B2C3D4E5F6012345671062 /* PromptLibraryRepositoryTests.swift */; };
		A1B2C3D4E5F6012345675019 /* PromptLibraryModels.swift in Sources */ = {isa = PBXBuildFile; fileRef = A1B2C3D4E5F6012345671017 /* PromptLibraryModels.swift */; };
		A1B2C3D4E5F6012345675020 /* PromptLibraryRepository.swift in Sources */ = {isa = PBXBuildFile; fileRef = A1B2C3D4E5F6012345671022 /* PromptLibraryRepository.swift */; };
		A1B2C3D4E5F6012345675021 /* PromptVersioningTests.swift in Sources */ = {isa = PBXBuildFile; fileRef = A1B2C3D4E5F6012345671063 /* PromptVersioningTests.swift */; };
		A1B2C3D4E5F6012345675022 /* TextDiffEngine.swift in Sources */ = {isa = PBXBuildFile; fileRef = A1B2C3D4E5F6012345671023 /* TextDiffEngine.swift */; };
		A1B2C3D4E5F6012345675023 /* TextDiffEngine.swift in Sources */ = {isa = PBXBuildFile; fileRef = A1B2C3D4E5F6012345671023 /* TextDiffEngine.swift */; };
		A1B2C3D4E5F6012345675024 /* TextDiffEngineTests.swift in Sources */ = {isa = PBXBuildFile; fileRef = A1B2C3D4E5F6012345671064 /* TextDiffEngineTests.swift */; };
			A1B2C3D4E5F6012345675025 /* StructuredPreviewBuilder.swift in Sources */ = {isa = PBXBuildFile; fileRef = A1B2C3D4E5F6012345671024 /* StructuredPreviewBuilder.swift */; };
			A1B2C3D4E5F6012345675026 /* StructuredPreviewBuilder.swift in Sources */ = {isa = PBXBuildFile; fileRef = A1B2C3D4E5F6012345671024 /* StructuredPreviewBuilder.swift */; };
			A1B2C3D4E5F6012345675027 /* StructuredPreviewBuilderTests.swift in Sources */ = {isa = PBXBuildFile; fileRef = A1B2C3D4E5F6012345671065 /* StructuredPreviewBuilderTests.swift */; };
			A1B2C3D4E5F6012345675028 /* VariableResolver.swift in Sources */ = {isa = PBXBuildFile; fileRef = A1B2C3D4E5F6012345671025 /* VariableResolver.swift */; };
			A1B2C3D4E5F6012345675029 /* VariableResolver.swift in Sources */ = {isa = PBXBuildFile; fileRef = A1B2C3D4E5F6012345671025 /* VariableResolver.swift */; };
			A1B2C3D4E5F601234567502A /* VariableResolverTests.swift in Sources */ = {isa = PBXBuildFile; fileRef = A1B2C3D4E5F6012345671066 /* VariableResolverTests.swift */; };
			A1B2C3D4E5F601234567502B /* PromptBuilders.swift in Sources */ = {isa = PBXBuildFile; fileRef = A1B2C3D4E5F6012345671026 /* PromptBuilders.swift */; };
			A1B2C3D4E5F601234567502C /* PromptBuilders.swift in Sources */ = {isa = PBXBuildFile; fileRef = A1B2C3D4E5F6012345671026 /* PromptBuilders.swift */; };
			A1B2C3D4E5F601234567502D /* PromptBuilderTests.swift in Sources */ = {isa = PBXBuildFile; fileRef = A1B2C3D4E5F6012345671067 /* PromptBuilderTests.swift */; };
				A1B2C3D4E5F601234567502E /* PromptTarget.swift in Sources */ = {isa = PBXBuildFile; fileRef = A1B2C3D4E5F6012345671012 /* PromptTarget.swift */; };
				A1B2C3D4E5F601234567502F /* PromptSectionsConfigTests.swift in Sources */ = {isa = PBXBuildFile; fileRef = A1B2C3D4E5F6012345671068 /* PromptSectionsConfigTests.swift */; };
				A1B2C3D4E5F6012345675030 /* QualityCheckEngine.swift in Sources */ = {isa = PBXBuildFile; fileRef = A1B2C3D4E5F6012345671027 /* QualityCheckEngine.swift */; };
				A1B2C3D4E5F6012345675031 /* QualityCheckEngine.swift in Sources */ = {isa = PBXBuildFile; fileRef = A1B2C3D4E5F6012345671027 /* QualityCheckEngine.swift */; };
				A1B2C3D4E5F6012345675032 /* QualityCheckEngineTests.swift in Sources */ = {isa = PBXBuildFile; fileRef = A1B2C3D4E5F6012345671069 /* QualityCheckEngineTests.swift */; };
				A1B2C3D4E5F6012345675033 /* QualityCheck.swift in Sources */ = {isa = PBXBuildFile; fileRef = A1B2C3D4E5F6012345671014 /* QualityCheck.swift */; };
				A1B2C3D4E5F6012345675034 /* ExportService.swift in Sources */ = {isa = PBXBuildFile; fileRef = A1B2C3D4E5F6012345671028 /* ExportService.swift */; };
				A1B2C3D4E5F6012345675040 /* PromptRestructurer.swift in Sources */ = {isa = PBXBuildFile; fileRef = A1B2C3D4E5F6012345671029 /* PromptRestructurer.swift */; };
				A1B2C3D4E5F6012345675043 /* PromptFormattingEngine.swift in Sources */ = {isa = PBXBuildFile; fileRef = A1B2C3D4E5F601234567102A /* PromptFormattingEngine.swift */; };
				A1B2C3D4E5F6012345675035 /* ExportService.swift in Sources */ = {isa = PBXBuildFile; fileRef = A1B2C3D4E5F6012345671028 /* ExportService.swift */; };
				A1B2C3D4E5F6012345675036 /* ExportServiceTests.swift in Sources */ = {isa = PBXBuildFile; fileRef = A1B2C3D4E5F601234567106A /* ExportServiceTests.swift */; };
				A1B2C3D4E5F6012345675037 /* StorageAndRepositoryTests.swift in Sources */ = {isa = PBXBuildFile; fileRef = A1B2C3D4E5F601234567106B /* StorageAndRepositoryTests.swift */; };
				A1B2C3D4E5F6012345675038 /* AnalyticsTests.swift in Sources */ = {isa = PBXBuildFile; fileRef = A1B2C3D4E5F601234567106C /* AnalyticsTests.swift */; };
				A1B2C3D4E5F6012345675041 /* PromptRestructurerTests.swift in Sources */ = {isa = PBXBuildFile; fileRef = A1B2C3D4E5F601234567106D /* PromptRestructurerTests.swift */; };
				A1B2C3D4E5F6012345675044 /* PromptFormattingEngine.swift in Sources */ = {isa = PBXBuildFile; fileRef = A1B2C3D4E5F601234567102A /* PromptFormattingEngine.swift */; };
				A1B2C3D4E5F6012345675045 /* PromptRestructurer.swift in Sources */ = {isa = PBXBuildFile; fileRef = A1B2C3D4E5F6012345671029 /* PromptRestructurer.swift */; };
				A1B2C3D4E5F6012345675046 /* PromptProfile.swift in Sources */ = {isa = PBXBuildFile; fileRef = A1B2C3D4E5F6012345671018 /* PromptProfile.swift */; };
				A1B2C3D4E5F6012345675047 /* EnhancementOptions.swift in Sources */ = {isa = PBXBuildFile; fileRef = A1B2C3D4E5F6012345671010 /* EnhancementOptions.swift */; };
				A1B2C3D4E5F6012345675042 /* PromptingPlaybooks.md in Resources */ = {isa = PBXBuildFile; fileRef = A1B2C3D4E5F6012345671051 /* PromptingPlaybooks.md */; };
				A1B2C3D4E5F6012345675013 /* XCTest.framework in Frameworks */ = {isa = PBXBuildFile; fileRef = A1B2C3D4E5F6012345671061 /* XCTest.framework */; };
		A1B2C3D4E5F6012345675014 /* PromptOptimization.swift in Sources */ = {isa = PBXBuildFile; fileRef = A1B2C3D4E5F6012345671016 /* PromptOptimization.swift */; };
		A1B2C3D4E5F6012345675015 /* OfflinePromptOptimizer.swift in Sources */ = {isa = PBXBuildFile; fileRef = A1B2C3D4E5F6012345671021 /* OfflinePromptOptimizer.swift */; };
		A1B2C3D4E5F6012345675048 /* BatchExportService.swift in Sources */ = {isa = PBXBuildFile; fileRef = A1B2C3D4E5F601234567102B /* BatchExportService.swift */; };
		A1B2C3D4E5F6012345675050 /* HeuristicPromptOptimizer.swift in Sources */ = {isa = PBXBuildFile; fileRef = A1B2C3D4E5F601234567102C /* HeuristicPromptOptimizer.swift */; };
		A1B2C3D4E5F6012345675051 /* PromptTextGuards.swift in Sources */ = {isa = PBXBuildFile; fileRef = A1B2C3D4E5F601234567102D /* PromptTextGuards.swift */; };
		A1B2C3D4E5F6012345675052 /* PromptHeuristics.swift in Sources */ = {isa = PBXBuildFile; fileRef = A1B2C3D4E5F601234567102E /* PromptHeuristics.swift */; };
		A1B2C3D4E5F6012345675053 /* HeuristicPromptOptimizer.swift in Sources */ = {isa = PBXBuildFile; fileRef = A1B2C3D4E5F601234567102C /* HeuristicPromptOptimizer.swift */; };
		A1B2C3D4E5F6012345675054 /* PromptTextGuards.swift in Sources */ = {isa = PBXBuildFile; fileRef = A1B2C3D4E5F601234567102D /* PromptTextGuards.swift */; };
		A1B2C3D4E5F6012345675055 /* PromptHeuristics.swift in Sources */ = {isa = PBXBuildFile; fileRef = A1B2C3D4E5F601234567102E /* PromptHeuristics.swift */; };
/* End PBXBuildFile section */

/* Begin PBXContainerItemProxy section */
		A1B2C3D4E5F6012345676001 /* PBXContainerItemProxy */ = {
			isa = PBXContainerItemProxy;
			containerPortal = A1B2C3D4E5F6012345678901 /* Project object */;
			proxyType = 1;
			remoteGlobalIDString = A1B2C3D4E5F6012345673001;
			remoteInfo = DexCraft;
		};
/* End PBXContainerItemProxy section */

/* Begin PBXFileReference section */
		A1B2C3D4E5F6012345671001 /* AppDelegate.swift */ = {isa = PBXFileReference; lastKnownFileType = sourcecode.swift; path = AppDelegate.swift; sourceTree = "<group>"; };
		A1B2C3D4E5F6012345671002 /* DexCraftApp.swift */ = {isa = PBXFileReference; lastKnownFileType = sourcecode.swift; path = DexCraftApp.swift; sourceTree = "<group>"; };
		A1B2C3D4E5F6012345671003 /* Info.plist */ = {isa = PBXFileReference; lastKnownFileType = text.plist.xml; path = Info.plist; sourceTree = "<group>"; };
		A1B2C3D4E5F6012345671010 /* EnhancementOptions.swift */ = {isa = PBXFileReference; lastKnownFileType = sourcecode.swift; path = EnhancementOptions.swift; sourceTree = "<group>"; };
		A1B2C3D4E5F6012345671011 /* PromptHistoryEntry.swift */ = {isa = PBXFileReference; lastKnownFileType = sourcecode.swift; path = PromptHistoryEntry.swift; sourceTree = "<group>"; };
		A1B2C3D4E5F6012345671012 /* PromptTarget.swift */ = {isa = PBXFileReference; lastKnownFileType = sourcecode.swift; path = PromptTarget.swift; sourceTree = "<group>"; };
		A1B2C3D4E5F6012345671013 /* PromptTemplate.swift */ = {isa = PBXFileReference; lastKnownFileType = sourcecode.swift; path = PromptTemplate.swift; sourceTree = "<group>"; };
		A1B2C3D4E5F6012345671014 /* QualityCheck.swift */ = {isa = PBXFileReference; lastKnownFileType = sourcecode.swift; path = QualityCheck.swift; sourceTree = "<group>"; };
		A1B2C3D4E5F6012345671015 /* WorkbenchTab.swift */ = {isa = PBXFileReference; lastKnownFileType = sourcecode.swift; path = WorkbenchTab.swift; sourceTree = "<group>"; };
		A1B2C3D4E5F6012345671016 /* PromptOptimization.swift */ = {isa = PBXFileReference; lastKnownFileType = sourcecode.swift; path = PromptOptimization.swift; sourceTree = "<group>"; };
		A1B2C3D4E5F6012345671017 /* PromptLibraryModels.swift */ = {isa = PBXFileReference; lastKnownFileType = sourcecode.swift; path = PromptLibraryModels.swift; sourceTree = "<group>"; };
		A1B2C3D4E5F6012345671018 /* PromptProfile.swift */ = {isa = PBXFileReference; lastKnownFileType = sourcecode.swift; path = PromptProfile.swift; sourceTree = "<group>"; };
		A1B2C3D4E5F6012345671020 /* StorageManager.swift */ = {isa = PBXFileReference; lastKnownFileType = sourcecode.swift; path = StorageManager.swift; sourceTree = "<group>"; };
		A1B2C3D4E5F6012345671021 /* OfflinePromptOptimizer.swift */ = {isa = PBXFileReference; lastKnownFileType = sourcecode.swift; path = OfflinePromptOptimizer.swift; sourceTree = "<group>"; };
		A1B2C3D4E5F6012345671022 /* PromptLibraryRepository.swift */ = {isa = PBXFileReference; lastKnownFileType = sourcecode.swift; path = PromptLibraryRepository.swift; sourceTree = "<group>"; };
			A1B2C3D4E5F6012345671023 /* TextDiffEngine.swift */ = {isa = PBXFileReference; lastKnownFileType = sourcecode.swift; path = TextDiffEngine.swift; sourceTree = "<group>"; };
			A1B2C3D4E5F6012345671024 /* StructuredPreviewBuilder.swift */ = {isa = PBXFileReference; lastKnownFileType = sourcecode.swift; path = StructuredPreviewBuilder.swift; sourceTree = "<group>"; };
				A1B2C3D4E5F6012345671025 /* VariableResolver.swift */ = {isa = PBXFileReference; lastKnownFileType = sourcecode.swift; path = VariableResolver.swift; sourceTree = "<group>"; };
				A1B2C3D4E5F6012345671026 /* PromptBuilders.swift */ = {isa = PBXFileReference; lastKnownFileType = sourcecode.swift; path = PromptBuilders.swift; sourceTree = "<group>"; };
				A1B2C3D4E5F6012345671027 /* QualityCheckEngine.swift */ = {isa = PBXFileReference; lastKnownFileType = sourcecode.swift; path = QualityCheckEngine.swift; sourceTree = "<group>"; };
				A1B2C3D4E5F6012345671028 /* ExportService.swift */ = {isa = PBXFileReference; lastKnownFileType = sourcecode.swift; path = ExportService.swift; sourceTree = "<group>"; };
				A1B2C3D4E5F6012345671029 /* PromptRestructurer.swift */ = {isa = PBXFileReference; lastKnownFileType = sourcecode.swift; path = PromptRestructurer.swift; sourceTree = "<group>"; };
				A1B2C3D4E5F601234567102A /* PromptFormattingEngine.swift */ = {isa = PBXFileReference; lastKnownFileType = sourcecode.swift; path = PromptFormattingEngine.swift; sourceTree = "<group>"; };
				A1B2C3D4E5F601234567102B /* BatchExportService.swift */ = {isa = PBXFileReference; lastKnownFileType = sourcecode.swift; path = BatchExportService.swift; sourceTree = "<group>"; };
				A1B2C3D4E5F601234567102C /* HeuristicPromptOptimizer.swift */ = {isa = PBXFileReference; lastKnownFileType = sourcecode.swift; path = HeuristicPromptOptimizer.swift; sourceTree = "<group>"; };
				A1B2C3D4E5F601234567102D /* PromptTextGuards.swift */ = {isa = PBXFileReference; lastKnownFileType = sourcecode.swift; path = PromptTextGuards.swift; sourceTree = "<group>"; };
				A1B2C3D4E5F601234567102E /* PromptHeuristics.swift */ = {isa = PBXFileReference; lastKnownFileType = sourcecode.swift; path = PromptHeuristics.swift; sourceTree = "<group>"; };
				A1B2C3D4E5F6012345671030 /* PromptEngineViewModel.swift */ = {isa = PBXFileReference; lastKnownFileType = sourcecode.swift; path = PromptEngineViewModel.swift; sourceTree = "<group>"; };
		A1B2C3D4E5F6012345671040 /* PrimaryPanelView.swift */ = {isa = PBXFileReference; lastKnownFileType = sourcecode.swift; path = PrimaryPanelView.swift; sourceTree = "<group>"; };
		A1B2C3D4E5F6012345671041 /* ResultPanelView.swift */ = {isa = PBXFileReference; lastKnownFileType = sourcecode.swift; path = ResultPanelView.swift; sourceTree = "<group>"; };
		A1B2C3D4E5F6012345671042 /* RootPopoverView.swift */ = {isa = PBXFileReference; lastKnownFileType = sourcecode.swift; path = RootPopoverView.swift; sourceTree = "<group>"; };
		A1B2C3D4E5F6012345671043 /* TransparentTextEditor.swift */ = {isa = PBXFileReference; lastKnownFileType = sourcecode.swift; path = TransparentTextEditor.swift; sourceTree = "<group>"; };
		A1B2C3D4E5F6012345671050 /* Assets.xcassets */ = {isa = PBXFileReference; lastKnownFileType = folder.assetcatalog; path = Assets.xcassets; sourceTree = "<group>"; };
		A1B2C3D4E5F6012345671051 /* PromptingPlaybooks.md */ = {isa = PBXFileReference; lastKnownFileType = net.daringfireball.markdown; path = PromptingPlaybooks.md; sourceTree = "<group>"; };
		A1B2C3D4E5F6012345671060 /* OfflinePromptOptimizerTests.swift */ = {isa = PBXFileReference; lastKnownFileType = sourcecode.swift; path = OfflinePromptOptimizerTests.swift; sourceTree = "<group>"; };
		A1B2C3D4E5F6012345671062 /* PromptLibraryRepositoryTests.swift */ = {isa = PBXFileReference; lastKnownFileType = sourcecode.swift; path = PromptLibraryRepositoryTests.swift; sourceTree = "<group>"; };
		A1B2C3D4E5F6012345671063 /* PromptVersioningTests.swift */ = {isa = PBXFileReference; lastKnownFileType = sourcecode.swift; path = PromptVersioningTests.swift; sourceTree = "<group>"; };
			A1B2C3D4E5F6012345671064 /* TextDiffEngineTests.swift */ = {isa = PBXFileReference; lastKnownFileType = sourcecode.swift; path = TextDiffEngineTests.swift; sourceTree = "<group>"; };
			A1B2C3D4E5F6012345671065 /* StructuredPreviewBuilderTests.swift */ = {isa = PBXFileReference; lastKnownFileType = sourcecode.swift; path = StructuredPreviewBuilderTests.swift; sourceTree = "<group>"; };
			A1B2C3D4E5F6012345671066 /* VariableResolverTests.swift */ = {isa = PBXFileReference; lastKnownFileType = sourcecode.swift; path = VariableResolverTests.swift; sourceTree = "<group>"; };
				A1B2C3D4E5F6012345671067 /* PromptBuilderTests.swift */ = {isa = PBXFileReference; lastKnownFileType = sourcecode.swift; path = PromptBuilderTests.swift; sourceTree = "<group>"; };
				A1B2C3D4E5F6012345671068 /* PromptSectionsConfigTests.swift */ = {isa = PBXFileReference; lastKnownFileType = sourcecode.swift; path = PromptSectionsConfigTests.swift; sourceTree = "<group>"; };
				A1B2C3D4E5F6012345671069 /* QualityCheckEngineTests.swift */ = {isa = PBXFileReference; lastKnownFileType = sourcecode.swift; path = QualityCheckEngineTests.swift; sourceTree = "<group>"; };
				A1B2C3D4E5F601234567106A /* ExportServiceTests.swift */ = {isa = PBXFileReference; lastKnownFileType = sourcecode.swift; path = ExportServiceTests.swift; sourceTree = "<group>"; };
				A1B2C3D4E5F601234567106B /* StorageAndRepositoryTests.swift */ = {isa = PBXFileReference; lastKnownFileType = sourcecode.swift; path = StorageAndRepositoryTests.swift; sourceTree = "<group>"; };
				A1B2C3D4E5F601234567106C /* AnalyticsTests.swift */ = {isa = PBXFileReference; lastKnownFileType = sourcecode.swift; path = AnalyticsTests.swift; sourceTree = "<group>"; };
				A1B2C3D4E5F601234567106D /* PromptRestructurerTests.swift */ = {isa = PBXFileReference; lastKnownFileType = sourcecode.swift; path = PromptRestructurerTests.swift; sourceTree = "<group>"; };
				A1B2C3D4E5F6012345671061 /* XCTest.framework */ = {isa = PBXFileReference; lastKnownFileType = wrapper.framework; name = XCTest.framework; path = System/Library/Frameworks/XCTest.framework; sourceTree = SDKROOT; };
		A1B2C3D4E5F60123456710FF /* DexCraft.app */ = {isa = PBXFileReference; explicitFileType = wrapper.application; includeInIndex = 0; path = DexCraft.app; sourceTree = BUILT_PRODUCTS_DIR; };
		A1B2C3D4E5F6012345671100 /* DexCraftTests.xctest */ = {isa = PBXFileReference; explicitFileType = wrapper.cfbundle; includeInIndex = 0; path = DexCraftTests.xctest; sourceTree = BUILT_PRODUCTS_DIR; };
/* End PBXFileReference section */

/* Begin PBXFrameworksBuildPhase section */
		A1B2C3D4E5F6012345672002 /* Frameworks */ = {
			isa = PBXFrameworksBuildPhase;
			buildActionMask = 2147483647;
			files = (
			);
			runOnlyForDeploymentPostprocessing = 0;
		};
		A1B2C3D4E5F6012345672004 /* Frameworks */ = {
			isa = PBXFrameworksBuildPhase;
			buildActionMask = 2147483647;
			files = (
				A1B2C3D4E5F6012345675013 /* XCTest.framework in Frameworks */,
			);
			runOnlyForDeploymentPostprocessing = 0;
		};
/* End PBXFrameworksBuildPhase section */

/* Begin PBXGroup section */
		A1B2C3D4E5F6012345678902 = {
			isa = PBXGroup;
			children = (
				A1B2C3D4E5F6012345678904 /* DexCraft */,
				A1B2C3D4E5F6012345678910 /* DexCraftTests */,
				A1B2C3D4E5F6012345678911 /* Frameworks */,
				A1B2C3D4E5F6012345678903 /* Products */,
			);
			sourceTree = "<group>";
		};
		A1B2C3D4E5F6012345678903 /* Products */ = {
			isa = PBXGroup;
			children = (
				A1B2C3D4E5F60123456710FF /* DexCraft.app */,
				A1B2C3D4E5F6012345671100 /* DexCraftTests.xctest */,
			);
			name = Products;
			sourceTree = "<group>";
		};
		A1B2C3D4E5F6012345678904 /* DexCraft */ = {
			isa = PBXGroup;
			children = (
				A1B2C3D4E5F6012345671001 /* AppDelegate.swift */,
				A1B2C3D4E5F6012345671002 /* DexCraftApp.swift */,
				A1B2C3D4E5F6012345671003 /* Info.plist */,
				A1B2C3D4E5F6012345678905 /* Models */,
				A1B2C3D4E5F6012345678906 /* Services */,
				A1B2C3D4E5F6012345678907 /* ViewModels */,
				A1B2C3D4E5F6012345678908 /* Views */,
				A1B2C3D4E5F6012345678909 /* Resources */,
			);
			path = DexCraft;
			sourceTree = "<group>";
		};
		A1B2C3D4E5F6012345678905 /* Models */ = {
			isa = PBXGroup;
			children = (
				A1B2C3D4E5F6012345671010 /* EnhancementOptions.swift */,
				A1B2C3D4E5F6012345671011 /* PromptHistoryEntry.swift */,
				A1B2C3D4E5F6012345671012 /* PromptTarget.swift */,
				A1B2C3D4E5F6012345671013 /* PromptTemplate.swift */,
				A1B2C3D4E5F6012345671014 /* QualityCheck.swift */,
				A1B2C3D4E5F6012345671015 /* WorkbenchTab.swift */,
				A1B2C3D4E5F6012345671016 /* PromptOptimization.swift */,
				A1B2C3D4E5F6012345671017 /* PromptLibraryModels.swift */,
				A1B2C3D4E5F6012345671018 /* PromptProfile.swift */,
			);
			path = Models;
			sourceTree = "<group>";
		};
		A1B2C3D4E5F6012345678906 /* Services */ = {
			isa = PBXGroup;
			children = (
				A1B2C3D4E5F6012345671020 /* StorageManager.swift */,
				A1B2C3D4E5F6012345671021 /* OfflinePromptOptimizer.swift */,
					A1B2C3D4E5F6012345671022 /* PromptLibraryRepository.swift */,
					A1B2C3D4E5F6012345671023 /* TextDiffEngine.swift */,
						A1B2C3D4E5F6012345671024 /* StructuredPreviewBuilder.swift */,
						A1B2C3D4E5F6012345671025 /* VariableResolver.swift */,
						A1B2C3D4E5F6012345671026 /* PromptBuilders.swift */,
						A1B2C3D4E5F6012345671027 /* QualityCheckEngine.swift */,
						A1B2C3D4E5F6012345671028 /* ExportService.swift */,
						A1B2C3D4E5F6012345671029 /* PromptRestructurer.swift */,
						A1B2C3D4E5F601234567102A /* PromptFormattingEngine.swift */,
						A1B2C3D4E5F601234567102B /* BatchExportService.swift */,
						A1B2C3D4E5F601234567102C /* HeuristicPromptOptimizer.swift */,
						A1B2C3D4E5F601234567102D /* PromptTextGuards.swift */,
						A1B2C3D4E5F601234567102E /* PromptHeuristics.swift */,
					);
			path = Services;
			sourceTree = "<group>";
		};
		A1B2C3D4E5F6012345678907 /* ViewModels */ = {
			isa = PBXGroup;
			children = (
				A1B2C3D4E5F6012345671030 /* PromptEngineViewModel.swift */,
			);
			path = ViewModels;
			sourceTree = "<group>";
		};
		A1B2C3D4E5F6012345678908 /* Views */ = {
			isa = PBXGroup;
			children = (
				A1B2C3D4E5F6012345671040 /* PrimaryPanelView.swift */,
				A1B2C3D4E5F6012345671041 /* ResultPanelView.swift */,
				A1B2C3D4E5F6012345671042 /* RootPopoverView.swift */,
				A1B2C3D4E5F6012345671043 /* TransparentTextEditor.swift */,
			);
			path = Views;
			sourceTree = "<group>";
		};
		A1B2C3D4E5F6012345678909 /* Resources */ = {
			isa = PBXGroup;
			children = (
				A1B2C3D4E5F6012345671050 /* Assets.xcassets */,
				A1B2C3D4E5F6012345671051 /* PromptingPlaybooks.md */,
			);
			path = Resources;
			sourceTree = "<group>";
		};
		A1B2C3D4E5F6012345678910 /* DexCraftTests */ = {
			isa = PBXGroup;
			children = (
				A1B2C3D4E5F6012345671060 /* OfflinePromptOptimizerTests.swift */,
				A1B2C3D4E5F6012345671062 /* PromptLibraryRepositoryTests.swift */,
					A1B2C3D4E5F6012345671063 /* PromptVersioningTests.swift */,
					A1B2C3D4E5F6012345671064 /* TextDiffEngineTests.swift */,
					A1B2C3D4E5F6012345671065 /* StructuredPreviewBuilderTests.swift */,
					A1B2C3D4E5F6012345671066 /* VariableResolverTests.swift */,
						A1B2C3D4E5F6012345671067 /* PromptBuilderTests.swift */,
						A1B2C3D4E5F6012345671068 /* PromptSectionsConfigTests.swift */,
						A1B2C3D4E5F6012345671069 /* QualityCheckEngineTests.swift */,
						A1B2C3D4E5F601234567106A /* ExportServiceTests.swift */,
						A1B2C3D4E5F601234567106B /* StorageAndRepositoryTests.swift */,
						A1B2C3D4E5F601234567106C /* AnalyticsTests.swift */,
						A1B2C3D4E5F601234567106D /* PromptRestructurerTests.swift */,
					);
			path = DexCraftTests;
			sourceTree = "<group>";
		};
		A1B2C3D4E5F6012345678911 /* Frameworks */ = {
			isa = PBXGroup;
			children = (
				A1B2C3D4E5F6012345671061 /* XCTest.framework */,
			);
			path = Frameworks;
			sourceTree = "<group>";
		};
/* End PBXGroup section */

/* Begin PBXNativeTarget section */
		A1B2C3D4E5F6012345673001 /* DexCraft */ = {
			isa = PBXNativeTarget;
			buildConfigurationList = A1B2C3D4E5F6012345674002 /* Build configuration list for PBXNativeTarget "DexCraft" */;
			buildPhases = (
				A1B2C3D4E5F6012345672001 /* Sources */,
				A1B2C3D4E5F6012345672002 /* Frameworks */,
				A1B2C3D4E5F6012345672003 /* Resources */,
			);
			buildRules = (
			);
			dependencies = (
			);
			name = DexCraft;
			productName = DexCraft;
			productReference = A1B2C3D4E5F60123456710FF /* DexCraft.app */;
			productType = "com.apple.product-type.application";
		};
		A1B2C3D4E5F6012345673002 /* DexCraftTests */ = {
			isa = PBXNativeTarget;
			buildConfigurationList = A1B2C3D4E5F6012345674003 /* Build configuration list for PBXNativeTarget "DexCraftTests" */;
			buildPhases = (
				A1B2C3D4E5F6012345672005 /* Sources */,
				A1B2C3D4E5F6012345672004 /* Frameworks */,
				A1B2C3D4E5F6012345672006 /* Resources */,
			);
			buildRules = (
			);
			dependencies = (
				A1B2C3D4E5F6012345677001 /* PBXTargetDependency */,
			);
			name = DexCraftTests;
			productName = DexCraftTests;
			productReference = A1B2C3D4E5F6012345671100 /* DexCraftTests.xctest */;
			productType = "com.apple.product-type.bundle.unit-test";
		};
/* End PBXNativeTarget section */

/* Begin PBXProject section */
		A1B2C3D4E5F6012345678901 /* Project object */ = {
			isa = PBXProject;
			attributes = {
				BuildIndependentTargetsInParallel = 1;
				LastUpgradeCheck = 2600;
				TargetAttributes = {
					A1B2C3D4E5F6012345673001 = {
						CreatedOnToolsVersion = 26.2;
					};
					A1B2C3D4E5F6012345673002 = {
						CreatedOnToolsVersion = 26.2;
						TestTargetID = A1B2C3D4E5F6012345673001;
					};
				};
			};
			buildConfigurationList = A1B2C3D4E5F6012345674001 /* Build configuration list for PBXProject "DexCraft" */;
			compatibilityVersion = "Xcode 14.0";
			developmentRegion = en;
			hasScannedForEncodings = 0;
			knownRegions = (
				en,
				Base,
			);
			mainGroup = A1B2C3D4E5F6012345678902;
			productRefGroup = A1B2C3D4E5F6012345678903 /* Products */;
			projectDirPath = "";
			projectRoot = "";
			targets = (
				A1B2C3D4E5F6012345673001 /* DexCraft */,
				A1B2C3D4E5F6012345673002 /* DexCraftTests */,
			);
		};
/* End PBXProject section */

/* Begin PBXResourcesBuildPhase section */
		A1B2C3D4E5F6012345672003 /* Resources */ = {
			isa = PBXResourcesBuildPhase;
			buildActionMask = 2147483647;
			files = (
				A1B2C3D4E5F601234567500F /* Assets.xcassets in Resources */,
				A1B2C3D4E5F6012345675042 /* PromptingPlaybooks.md in Resources */,
			);
			runOnlyForDeploymentPostprocessing = 0;
		};
		A1B2C3D4E5F6012345672006 /* Resources */ = {
			isa = PBXResourcesBuildPhase;
			buildActionMask = 2147483647;
			files = (
			);
			runOnlyForDeploymentPostprocessing = 0;
		};
/* End PBXResourcesBuildPhase section */

/* Begin PBXSourcesBuildPhase section */
		A1B2C3D4E5F6012345672001 /* Sources */ = {
			isa = PBXSourcesBuildPhase;
			buildActionMask = 2147483647;
			files = (
				A1B2C3D4E5F6012345675001 /* AppDelegate.swift in Sources */,
				A1B2C3D4E5F6012345675002 /* DexCraftApp.swift in Sources */,
				A1B2C3D4E5F6012345675003 /* EnhancementOptions.swift in Sources */,
				A1B2C3D4E5F6012345675004 /* PromptHistoryEntry.swift in Sources */,
				A1B2C3D4E5F6012345675005 /* PromptTarget.swift in Sources */,
				A1B2C3D4E5F6012345675006 /* PromptTemplate.swift in Sources */,
				A1B2C3D4E5F6012345675007 /* QualityCheck.swift in Sources */,
				A1B2C3D4E5F6012345675008 /* WorkbenchTab.swift in Sources */,
				A1B2C3D4E5F6012345675010 /* PromptOptimization.swift in Sources */,
				A1B2C3D4E5F6012345675016 /* PromptLibraryModels.swift in Sources */,
				A1B2C3D4E5F6012345675039 /* PromptProfile.swift in Sources */,
				A1B2C3D4E5F6012345675009 /* StorageManager.swift in Sources */,
				A1B2C3D4E5F6012345675011 /* OfflinePromptOptimizer.swift in Sources */,
				A1B2C3D4E5F6012345675017 /* PromptLibraryRepository.swift in Sources */,
					A1B2C3D4E5F6012345675022 /* TextDiffEngine.swift in Sources */,
					A1B2C3D4E5F6012345675025 /* StructuredPreviewBuilder.swift in Sources */,
						A1B2C3D4E5F6012345675028 /* VariableResolver.swift in Sources */,
						A1B2C3D4E5F601234567502B /* PromptBuilders.swift in Sources */,
						A1B2C3D4E5F6012345675030 /* QualityCheckEngine.swift in Sources */,
						A1B2C3D4E5F6012345675034 /* ExportService.swift in Sources */,
						A1B2C3D4E5F6012345675040 /* PromptRestructurer.swift in Sources */,
						A1B2C3D4E5F6012345675043 /* PromptFormattingEngine.swift in Sources */,
						A1B2C3D4E5F6012345675048 /* BatchExportService.swift in Sources */,
						A1B2C3D4E5F6012345675050 /* HeuristicPromptOptimizer.swift in Sources */,
						A1B2C3D4E5F6012345675051 /* PromptTextGuards.swift in Sources */,
						A1B2C3D4E5F6012345675052 /* PromptHeuristics.swift in Sources */,
						A1B2C3D4E5F601234567500A /* PromptEngineViewModel.swift in Sources */,
				A1B2C3D4E5F601234567500B /* PrimaryPanelView.swift in Sources */,
				A1B2C3D4E5F601234567500C /* ResultPanelView.swift in Sources */,
				A1B2C3D4E5F601234567500D /* RootPopoverView.swift in Sources */,
				A1B2C3D4E5F601234567500E /* TransparentTextEditor.swift in Sources */,
			);
			runOnlyForDeploymentPostprocessing = 0;
		};
		A1B2C3D4E5F6012345672005 /* Sources */ = {
			isa = PBXSourcesBuildPhase;
			buildActionMask = 2147483647;
			files = (
				A1B2C3D4E5F6012345675012 /* OfflinePromptOptimizerTests.swift in Sources */,
				A1B2C3D4E5F6012345675018 /* PromptLibraryRepositoryTests.swift in Sources */,
				A1B2C3D4E5F6012345675021 /* PromptVersioningTests.swift in Sources */,
					A1B2C3D4E5F6012345675024 /* TextDiffEngineTests.swift in Sources */,
					A1B2C3D4E5F6012345675027 /* StructuredPreviewBuilderTests.swift in Sources */,
					A1B2C3D4E5F601234567502A /* VariableResolverTests.swift in Sources */,
						A1B2C3D4E5F601234567502D /* PromptBuilderTests.swift in Sources */,
						A1B2C3D4E5F601234567502F /* PromptSectionsConfigTests.swift in Sources */,
						A1B2C3D4E5F601234567502E /* PromptTarget.swift in Sources */,
						A1B2C3D4E5F6012345675032 /* QualityCheckEngineTests.swift in Sources */,
						A1B2C3D4E5F6012345675036 /* ExportServiceTests.swift in Sources */,
						A1B2C3D4E5F6012345675037 /* StorageAndRepositoryTests.swift in Sources */,
						A1B2C3D4E5F6012345675038 /* AnalyticsTests.swift in Sources */,
						A1B2C3D4E5F6012345675041 /* PromptRestructurerTests.swift in Sources */,
						A1B2C3D4E5F6012345675044 /* PromptFormattingEngine.swift in Sources */,
						A1B2C3D4E5F6012345675045 /* PromptRestructurer.swift in Sources */,
						A1B2C3D4E5F6012345675046 /* PromptProfile.swift in Sources */,
						A1B2C3D4E5F6012345675047 /* EnhancementOptions.swift in Sources */,
						A1B2C3D4E5F6012345675019 /* PromptLibraryModels.swift in Sources */,
						A1B2C3D4E5F6012345675033 /* QualityCheck.swift in Sources */,
						A1B2C3D4E5F6012345675020 /* PromptLibraryRepository.swift in Sources */,
					A1B2C3D4E5F6012345675023 /* TextDiffEngine.swift in Sources */,
					A1B2C3D4E5F6012345675026 /* StructuredPreviewBuilder.swift in Sources */,
						A1B2C3D4E5F6012345675029 /* VariableResolver.swift in Sources */,
						A1B2C3D4E5F601234567502C /* PromptBuilders.swift in Sources */,
						A1B2C3D4E5F6012345675031 /* QualityCheckEngine.swift in Sources */,
						A1B2C3D4E5F6012345675035 /* ExportService.swift in Sources */,
						A1B2C3D4E5F6012345675014 /* PromptOptimization.swift in Sources */,
				A1B2C3D4E5F6012345675015 /* OfflinePromptOptimizer.swift in Sources */,
				A1B2C3D4E5F6012345675053 /* HeuristicPromptOptimizer.swift in Sources */,
				A1B2C3D4E5F6012345675054 /* PromptTextGuards.swift in Sources */,
				A1B2C3D4E5F6012345675055 /* PromptHeuristics.swift in Sources */,
			);
			runOnlyForDeploymentPostprocessing = 0;
		};
/* End PBXSourcesBuildPhase section */

/* Begin PBXTargetDependency section */
		A1B2C3D4E5F6012345677001 /* PBXTargetDependency */ = {
			isa = PBXTargetDependency;
			target = A1B2C3D4E5F6012345673001 /* DexCraft */;
			targetProxy = A1B2C3D4E5F6012345676001 /* PBXContainerItemProxy */;
		};
/* End PBXTargetDependency section */

/* Begin XCBuildConfiguration section */
		A1B2C3D4E5F6012345674101 /* Debug */ = {
			isa = XCBuildConfiguration;
			buildSettings = {
				CLANG_CXX_LANGUAGE_STANDARD = "gnu++20";
				CLANG_ENABLE_MODULES = YES;
				CLANG_ENABLE_OBJC_ARC = YES;
				CLANG_WARN_DOCUMENTATION_COMMENTS = YES;
				CLANG_WARN_UNGUARDED_AVAILABILITY = YES_AGGRESSIVE;
				GCC_C_LANGUAGE_STANDARD = gnu17;
				MACOSX_DEPLOYMENT_TARGET = 13.0;
				SDKROOT = macosx;
				SWIFT_VERSION = 5.0;
			};
			name = Debug;
		};
		A1B2C3D4E5F6012345674102 /* Release */ = {
			isa = XCBuildConfiguration;
			buildSettings = {
				CLANG_CXX_LANGUAGE_STANDARD = "gnu++20";
				CLANG_ENABLE_MODULES = YES;
				CLANG_ENABLE_OBJC_ARC = YES;
				CLANG_WARN_DOCUMENTATION_COMMENTS = YES;
				CLANG_WARN_UNGUARDED_AVAILABILITY = YES_AGGRESSIVE;
				GCC_C_LANGUAGE_STANDARD = gnu17;
				MACOSX_DEPLOYMENT_TARGET = 13.0;
				SDKROOT = macosx;
				SWIFT_COMPILATION_MODE = wholemodule;
				SWIFT_OPTIMIZATION_LEVEL = "-O";
				SWIFT_VERSION = 5.0;
			};
			name = Release;
		};
		A1B2C3D4E5F6012345674201 /* Debug */ = {
			isa = XCBuildConfiguration;
			buildSettings = {
				ASSETCATALOG_COMPILER_APPICON_NAME = AppIcon;
				ASSETCATALOG_COMPILER_GENERATE_SWIFT_ASSET_SYMBOL_EXTENSIONS = YES;
				CODE_SIGNING_ALLOWED = NO;
				CODE_SIGNING_REQUIRED = NO;
				CODE_SIGN_STYLE = Automatic;
				CURRENT_PROJECT_VERSION = 1;
				GENERATE_INFOPLIST_FILE = NO;
				INFOPLIST_FILE = DexCraft/Info.plist;
				LD_RUNPATH_SEARCH_PATHS = (
					"$(inherited)",
					"@executable_path/../Frameworks",
				);
				MACOSX_DEPLOYMENT_TARGET = 13.0;
				MARKETING_VERSION = 1.0;
				PRODUCT_BUNDLE_IDENTIFIER = com.andrew.dexcraft;
				PRODUCT_NAME = "$(TARGET_NAME)";
				SWIFT_EMIT_LOC_STRINGS = YES;
				SWIFT_VERSION = 5.0;
			};
			name = Debug;
		};
		A1B2C3D4E5F6012345674202 /* Release */ = {
			isa = XCBuildConfiguration;
			buildSettings = {
				ASSETCATALOG_COMPILER_APPICON_NAME = AppIcon;
				ASSETCATALOG_COMPILER_GENERATE_SWIFT_ASSET_SYMBOL_EXTENSIONS = YES;
				CODE_SIGNING_ALLOWED = NO;
				CODE_SIGNING_REQUIRED = NO;
				CODE_SIGN_STYLE = Automatic;
				CURRENT_PROJECT_VERSION = 1;
				GENERATE_INFOPLIST_FILE = NO;
				INFOPLIST_FILE = DexCraft/Info.plist;
				LD_RUNPATH_SEARCH_PATHS = (
					"$(inherited)",
					"@executable_path/../Frameworks",
				);
				MACOSX_DEPLOYMENT_TARGET = 13.0;
				MARKETING_VERSION = 1.0;
				PRODUCT_BUNDLE_IDENTIFIER = com.andrew.dexcraft;
				PRODUCT_NAME = "$(TARGET_NAME)";
				SWIFT_COMPILATION_MODE = wholemodule;
				SWIFT_EMIT_LOC_STRINGS = YES;
				SWIFT_OPTIMIZATION_LEVEL = "-O";
				SWIFT_VERSION = 5.0;
			};
			name = Release;
		};
		A1B2C3D4E5F6012345674301 /* Debug */ = {
			isa = XCBuildConfiguration;
			buildSettings = {
				BUNDLE_LOADER = "$(TEST_HOST)";
				CODE_SIGNING_ALLOWED = NO;
				CODE_SIGNING_REQUIRED = NO;
				GENERATE_INFOPLIST_FILE = YES;
				LD_RUNPATH_SEARCH_PATHS = (
					"$(inherited)",
					"@executable_path/../Frameworks",
					"@loader_path/../Frameworks",
				);
				MACOSX_DEPLOYMENT_TARGET = 13.0;
				PRODUCT_BUNDLE_IDENTIFIER = com.andrew.dexcraft.tests;
				PRODUCT_NAME = "$(TARGET_NAME)";
				SWIFT_VERSION = 5.0;
				TEST_HOST = "$(BUILT_PRODUCTS_DIR)/DexCraft.app/Contents/MacOS/DexCraft";
			};
			name = Debug;
		};
		A1B2C3D4E5F6012345674302 /* Release */ = {
			isa = XCBuildConfiguration;
			buildSettings = {
				BUNDLE_LOADER = "$(TEST_HOST)";
				CODE_SIGNING_ALLOWED = NO;
				CODE_SIGNING_REQUIRED = NO;
				GENERATE_INFOPLIST_FILE = YES;
				LD_RUNPATH_SEARCH_PATHS = (
					"$(inherited)",
					"@executable_path/../Frameworks",
					"@loader_path/../Frameworks",
				);
				MACOSX_DEPLOYMENT_TARGET = 13.0;
				PRODUCT_BUNDLE_IDENTIFIER = com.andrew.dexcraft.tests;
				PRODUCT_NAME = "$(TARGET_NAME)";
				SWIFT_COMPILATION_MODE = wholemodule;
				SWIFT_OPTIMIZATION_LEVEL = "-O";
				SWIFT_VERSION = 5.0;
				TEST_HOST = "$(BUILT_PRODUCTS_DIR)/DexCraft.app/Contents/MacOS/DexCraft";
			};
			name = Release;
		};
/* End XCBuildConfiguration section */

/* Begin XCConfigurationList section */
		A1B2C3D4E5F6012345674001 /* Build configuration list for PBXProject "DexCraft" */ = {
			isa = XCConfigurationList;
			buildConfigurations = (
				A1B2C3D4E5F6012345674101 /* Debug */,
				A1B2C3D4E5F6012345674102 /* Release */,
			);
			defaultConfigurationIsVisible = 0;
			defaultConfigurationName = Release;
		};
		A1B2C3D4E5F6012345674002 /* Build configuration list for PBXNativeTarget "DexCraft" */ = {
			isa = XCConfigurationList;
			buildConfigurations = (
				A1B2C3D4E5F6012345674201 /* Debug */,
				A1B2C3D4E5F6012345674202 /* Release */,
			);
			defaultConfigurationIsVisible = 0;
			defaultConfigurationName = Release;
		};
		A1B2C3D4E5F6012345674003 /* Build configuration list for PBXNativeTarget "DexCraftTests" */ = {
			isa = XCConfigurationList;
			buildConfigurations = (
				A1B2C3D4E5F6012345674301 /* Debug */,
				A1B2C3D4E5F6012345674302 /* Release */,
			);
			defaultConfigurationIsVisible = 0;
			defaultConfigurationName = Release;
		};
/* End XCConfigurationList section */
	};
	rootObject = A1B2C3D4E5F6012345678901 /* Project object */;
}
